
Microsoft Visual Studio Solution File, Format Version 12.00
Project("{FAE04EC0-301F-11D3-BF4B-00C04F79EFBC}") = "CreateStimAvr", "CreateStimAvr.csproj", "{65CA9F07-25A4-4F15-9E16-4759FBA8155B}"
EndProject
Global
	GlobalSection(SolutionConfigurationPlatforms) = preSolution
		Debug|Any CPU = Debug|Any CPU
		Release|Any CPU = Release|Any CPU
	EndGlobalSection
	GlobalSection(ProjectConfigurationPlatforms) = postSolution
		{65CA9F07-25A4-4F15-9E16-4759FBA8155B}.Debug|Any CPU.ActiveCfg = Debug|Any CPU
		{65CA9F07-25A4-4F15-9E16-4759FBA8155B}.Debug|Any CPU.Build.0 = Debug|Any CPU
		{65CA9F07-25A4-4F15-9E16-4759FBA8155B}.Release|Any CPU.ActiveCfg = Release|Any CPU
		{65CA9F07-25A4-4F15-9E16-4759FBA8155B}.Release|Any CPU.Build.0 = Release|Any CPU
	EndGlobalSection
EndGlobal
